github.com/alecthomas/assert/v2 v2.11.0 h1:2Q9r3ki8+JYXvGsDyBXwH3LcJ+WK5D0gc5E8vS6K3D0=
github.com/alecthomas/assert/v2 v2.11.0/go.mod h1:Bze95FyfUr7x34QZrjL+XP+0qgp/zg8yS+TtBj1WA3k=
github.com/alecthomas/kong v1.6.0 h1:mwOzbdMR7uv2vul9J0FU3GYxE7ls/iX1ieMg5WIM6gE=
github.com/alecthomas/kong v1.6.0/go.mod h1:p2vqieVMeTAnaC83txKtXe8FLke2X07aruPWXyMPQrU=
github.com/alecthomas/repr v0.4.0 h1:GhI2A8MACjfegCPVq9f1FLvIBS+DrQ2KQBFZP1iFzXc=
github.com/alecthomas/repr v0.4.0/go.mod h1:Fr0507jx4eOXV7AlPV6AVZLYrLIuIeSOWtW57eE/O/4=
github.com/hexops/gotextdiff v1.0.3 h1:gitA9+qJrrTCsiCl7+kh75nPqQt1cx4ZkudSTLoUqJM=
github.com/hexops/gotextdiff v1.0.3/go.mod h1:pSWU5MAI3yDq+fZBTazCSJysOMbxWL1BSow5/V2vxeg=
github.com/poruru-code/esb/pkg/artifactcore v0.0.0-20260220120751-741830b8344a h1:A/kRovy8CTKcfb60tcneVd9ccX+ynov0KJCRvnh7p4o=
github.com/poruru-code/esb/pkg/artifactcore v0.0.0-20260220120751-741830b8344a/go.mod h1:sEsda7ck20PJPOzX7s5ZfbjP8koxKS6KztVte5YKzqM=
github.com/poruru-code/esb/pkg/composeprovision v0.0.0-20260220120751-741830b8344a h1:QPY6znw5LVt4aMnztde8Kw61PaE13rWhEnMtCP8KOzo=
github.com/poruru-code/esb/pkg/composeprovision v0.0.0-20260220120751-741830b8344a/go.mod h1:ANu7kFo8xCSOFXFyoVaijcaOmakwYLhKrPUMaNQNCWo=
github.com/poruru-code/esb/pkg/deployops v0.0.0-20260220120751-741830b8344a h1:qi21bhUZBb7PWMBoFUt53P/OBgtFESuQ8OMCXi3ByFo=
github.com/poruru-code/esb/pkg/deployops v0.0.0-20260220120751-741830b8344a/go.mod h1:xxoKvpGPzS1odvfziUfo2Q3moEY/qwZCoEQqXJu1fYo=
github.com/poruru-code/esb/pkg/runtimeimage v0.0.0-20260220113651-d6d9b1efaded h1:Rs7F0ApvkpENXnTHxfLd2uUSSuRpiF/IP35M2dEHckU=
github.com/poruru-code/esb/pkg/runtimeimage v0.0.0-20260220113651-d6d9b1efaded/go.mod h1:SHupbZF2wAL82KrInT89TFsNX0cmGvGwK7ODfHiJIyQ=
github.com/poruru-code/esb/pkg/yamlshape v0.0.0-20260220113651-d6d9b1efaded h1:rD0rxwW6/++WV3Hg+FFa7H3wmI+wBLxOPFdZSF81pE4=
github.com/poruru-code/esb/pkg/yamlshape v0.0.0-20260220113651-d6d9b1efaded/go.mod h1:matrYi2nvW67D9XNgC2k3fVtbEP4Ju5cefJnEmkfn9Q=
gopkg.in/check.v1 v0.0.0-20161208181325-20d25e280405 h1:yhCVgyC4o1eVCa2tZl7eS0r+SDo693bJlVdllGtEeKM=
gopkg.in/check.v1 v0.0.0-20161208181325-20d25e280405/go.mod h1:Co6ibVJAznAaIkqp8huTwlJQCZ016jof/cbN4VW5Yz0=
gopkg.in/yaml.v3 v3.0.1 h1:fxVm/GzAzEWqLHuvctI91KS9hhNmmWOoWu0XTYJS7CA=
gopkg.in/yaml.v3 v3.0.1/go.mod h1:K4uyk7z7BCEPqu6E+C64Yfv1cQ7kz7rIZviUmN+EgEM=
